
Microsoft Visual Studio Solution File, Format Version 12.00
# Visual Studio Version 17
VisualStudioVersion = 17.5.33414.496
MinimumVisualStudioVersion = 10.0.40219.1
Project("{FAE04EC0-301F-11D3-BF4B-00C04F79EFBC}") = "Shopping-List", "Shopping-List\Shopping-List.csproj", "{CC0AA58B-E12F-4768-B28D-378C1B1DECC7}"
EndProject
Global
	GlobalSection(SolutionConfigurationPlatforms) = preSolution
		Debug|Any CPU = Debug|Any CPU
		Release|Any CPU = Release|Any CPU
	EndGlobalSection
	GlobalSection(ProjectConfigurationPlatforms) = postSolution
		{CC0AA58B-E12F-4768-B28D-378C1B1DECC7}.Debug|Any CPU.ActiveCfg = Debug|Any CPU
		{CC0AA58B-E12F-4768-B28D-378C1B1DECC7}.Debug|Any CPU.Build.0 = Debug|Any CPU
		{CC0AA58B-E12F-4768-B28D-378C1B1DECC7}.Release|Any CPU.ActiveCfg = Release|Any CPU
		{CC0AA58B-E12F-4768-B28D-378C1B1DECC7}.Release|Any CPU.Build.0 = Release|Any CPU
	EndGlobalSection
	GlobalSection(SolutionProperties) = preSolution
		HideSolutionNode = FALSE
	EndGlobalSection
	GlobalSection(ExtensibilityGlobals) = postSolution
		SolutionGuid = {AE4928B7-6BFD-4C7F-B241-0EA55AF35CB3}
	EndGlobalSection
EndGlobal
